// !$*UTF8*$!
{
	archiveVersion = 1;
	classes = {
	};
	objectVersion = 56;
	objects = {

/* Begin PBXBuildFile section */
		A016689629CC47DD002934CD /* GithubUsersApp.swift in Sources */ = {isa = PBXBuildFile; fileRef = A016689529CC47DD002934CD /* GithubUsersApp.swift */; };
		A016689829CC47DD002934CD /* GithubUsersView.swift in Sources */ = {isa = PBXBuildFile; fileRef = A016689729CC47DD002934CD /* GithubUsersView.swift */; };
		A016689A29CC47DE002934CD /* Assets.xcassets in Resources */ = {isa = PBXBuildFile; fileRef = A016689929CC47DE002934CD /* Assets.xcassets */; };
		A016689D29CC47DE002934CD /* Preview Assets.xcassets in Resources */ = {isa = PBXBuildFile; fileRef = A016689C29CC47DE002934CD /* Preview Assets.xcassets */; };
		A01668A429CC49C3002934CD /* User.swift in Sources */ = {isa = PBXBuildFile; fileRef = A01668A329CC49C3002934CD /* User.swift */; };
		A01668A629CC49F2002934CD /* NetworkStore.swift in Sources */ = {isa = PBXBuildFile; fileRef = A01668A529CC49F2002934CD /* NetworkStore.swift */; };
		A01668A829CC4ECB002934CD /* GithubUsersViewModel.swift in Sources */ = {isa = PBXBuildFile; fileRef = A01668A729CC4ECB002934CD /* GithubUsersViewModel.swift */; };
		A01668AA29CC5254002934CD /* Error.swift in Sources */ = {isa = PBXBuildFile; fileRef = A01668A929CC5254002934CD /* Error.swift */; };
		A0E795BB29CC683100B5AFB4 /* GithubUserView.swift in Sources */ = {isa = PBXBuildFile; fileRef = A0E795BA29CC683100B5AFB4 /* GithubUserView.swift */; };
		A0E795BD29CC81E000B5AFB4 /* GithubUserFollowersView.swift in Sources */ = {isa = PBXBuildFile; fileRef = A0E795BC29CC81E000B5AFB4 /* GithubUserFollowersView.swift */; };
		A0E795BF29CC834300B5AFB4 /* GithubUserFollowersViewModel.swift in Sources */ = {isa = PBXBuildFile; fileRef = A0E795BE29CC834300B5AFB4 /* GithubUserFollowersViewModel.swift */; };
/* End PBXBuildFile section */

/* Begin PBXFileReference section */
		A016689229CC47DD002934CD /* GithubUsers.app */ = {isa = PBXFileReference; explicitFileType = wrapper.application; includeInIndex = 0; path = GithubUsers.app; sourceTree = BUILT_PRODUCTS_DIR; };
		A016689529CC47DD002934CD /* GithubUsersApp.swift */ = {isa = PBXFileReference; lastKnownFileType = sourcecode.swift; path = GithubUsersApp.swift; sourceTree = "<group>"; };
		A016689729CC47DD002934CD /* GithubUsersView.swift */ = {isa = PBXFileReference; lastKnownFileType = sourcecode.swift; path = GithubUsersView.swift; sourceTree = "<group>"; };
		A016689929CC47DE002934CD /* Assets.xcassets */ = {isa = PBXFileReference; lastKnownFileType = folder.assetcatalog; path = Assets.xcassets; sourceTree = "<group>"; };
		A016689C29CC47DE002934CD /* Preview Assets.xcassets */ = {isa = PBXFileReference; lastKnownFileType = folder.assetcatalog; path = "Preview Assets.xcassets"; sourceTree = "<group>"; };
		A01668A329CC49C3002934CD /* User.swift */ = {isa = PBXFileReference; lastKnownFileType = sourcecode.swift; path = User.swift; sourceTree = "<group>"; };
		A01668A529CC49F2002934CD /* NetworkStore.swift */ = {isa = PBXFileReference; lastKnownFileType = sourcecode.swift; path = NetworkStore.swift; sourceTree = "<group>"; };
		A01668A729CC4ECB002934CD /* GithubUsersViewModel.swift */ = {isa = PBXFileReference; lastKnownFileType = sourcecode.swift; path = GithubUsersViewModel.swift; sourceTree = "<group>"; };
		A01668A929CC5254002934CD /* Error.swift */ = {isa = PBXFileReference; lastKnownFileType = sourcecode.swift; path = Error.swift; sourceTree = "<group>"; };
		A0E795BA29CC683100B5AFB4 /* GithubUserView.swift */ = {isa = PBXFileReference; lastKnownFileType = sourcecode.swift; path = GithubUserView.swift; sourceTree = "<group>"; };
		A0E795BC29CC81E000B5AFB4 /* GithubUserFollowersView.swift */ = {isa = PBXFileReference; lastKnownFileType = sourcecode.swift; path = GithubUserFollowersView.swift; sourceTree = "<group>"; };
		A0E795BE29CC834300B5AFB4 /* GithubUserFollowersViewModel.swift */ = {isa = PBXFileReference; lastKnownFileType = sourcecode.swift; path = GithubUserFollowersViewModel.swift; sourceTree = "<group>"; };
/* End PBXFileReference section */

/* Begin PBXFrameworksBuildPhase section */
		A016688F29CC47DD002934CD /* Frameworks */ = {
			isa = PBXFrameworksBuildPhase;
			buildActionMask = 2147483647;
			files = (
			);
			runOnlyForDeploymentPostprocessing = 0;
		};
/* End PBXFrameworksBuildPhase section */

/* Begin PBXGroup section */
		A016688929CC47DD002934CD = {
			isa = PBXGroup;
			children = (
				A016689429CC47DD002934CD /* GithubUsers */,
				A016689329CC47DD002934CD /* Products */,
			);
			sourceTree = "<group>";
		};
		A016689329CC47DD002934CD /* Products */ = {
			isa = PBXGroup;
			children = (
				A016689229CC47DD002934CD /* GithubUsers.app */,
			);
			name = Products;
			sourceTree = "<group>";
		};
		A016689429CC47DD002934CD /* GithubUsers */ = {
			isa = PBXGroup;
			children = (
				A01668AD29CC67AB002934CD /* Screens */,
				A01668AC29CC677A002934CD /* Utilities */,
				A01668AB29CC676C002934CD /* Models */,
				A016689529CC47DD002934CD /* GithubUsersApp.swift */,
				A016689929CC47DE002934CD /* Assets.xcassets */,
				A016689B29CC47DE002934CD /* Preview Content */,
			);
			path = GithubUsers;
			sourceTree = "<group>";
		};
		A016689B29CC47DE002934CD /* Preview Content */ = {
			isa = PBXGroup;
			children = (
				A016689C29CC47DE002934CD /* Preview Assets.xcassets */,
			);
			path = "Preview Content";
			sourceTree = "<group>";
		};
		A01668AB29CC676C002934CD /* Models */ = {
			isa = PBXGroup;
			children = (
				A01668A329CC49C3002934CD /* User.swift */,
			);
			path = Models;
			sourceTree = "<group>";
		};
		A01668AC29CC677A002934CD /* Utilities */ = {
			isa = PBXGroup;
			children = (
				A01668A529CC49F2002934CD /* NetworkStore.swift */,
				A01668A929CC5254002934CD /* Error.swift */,
			);
			path = Utilities;
			sourceTree = "<group>";
		};
		A01668AD29CC67AB002934CD /* Screens */ = {
			isa = PBXGroup;
			children = (
				A0E795C029CC842700B5AFB4 /* GithubUserFollowers */,
				A0E795B929CC681D00B5AFB4 /* GithubUser */,
				A0E795B829CC67F200B5AFB4 /* GithubUsers */,
			);
			path = Screens;
			sourceTree = "<group>";
		};
		A0E795B829CC67F200B5AFB4 /* GithubUsers */ = {
			isa = PBXGroup;
			children = (
				A016689729CC47DD002934CD /* GithubUsersView.swift */,
				A01668A729CC4ECB002934CD /* GithubUsersViewModel.swift */,
			);
			path = GithubUsers;
			sourceTree = "<group>";
		};
		A0E795B929CC681D00B5AFB4 /* GithubUser */ = {
			isa = PBXGroup;
			children = (
				A0E795BA29CC683100B5AFB4 /* GithubUserView.swift */,
			);
			path = GithubUser;
			sourceTree = "<group>";
		};
		A0E795C029CC842700B5AFB4 /* GithubUserFollowers */ = {
			isa = PBXGroup;
			children = (
				A0E795BC29CC81E000B5AFB4 /* GithubUserFollowersView.swift */,
				A0E795BE29CC834300B5AFB4 /* GithubUserFollowersViewModel.swift */,
			);
			path = GithubUserFollowers;
			sourceTree = "<group>";
		};
/* End PBXGroup section */

/* Begin PBXNativeTarget section */
		A016689129CC47DD002934CD /* GithubUsers */ = {
			isa = PBXNativeTarget;
			buildConfigurationList = A01668A029CC47DE002934CD /* Build configuration list for PBXNativeTarget "GithubUsers" */;
			buildPhases = (
				A016688E29CC47DD002934CD /* Sources */,
				A016688F29CC47DD002934CD /* Frameworks */,
				A016689029CC47DD002934CD /* Resources */,
			);
			buildRules = (
			);
			dependencies = (
			);
			name = GithubUsers;
			productName = GithubUsers;
			productReference = A016689229CC47DD002934CD /* GithubUsers.app */;
			productType = "com.apple.product-type.application";
		};
/* End PBXNativeTarget section */

/* Begin PBXProject section */
		A016688A29CC47DD002934CD /* Project object */ = {
			isa = PBXProject;
			attributes = {
				BuildIndependentTargetsInParallel = 1;
				LastSwiftUpdateCheck = 1420;
				LastUpgradeCheck = 1420;
				TargetAttributes = {
					A016689129CC47DD002934CD = {
						CreatedOnToolsVersion = 14.2;
					};
				};
			};
			buildConfigurationList = A016688D29CC47DD002934CD /* Build configuration list for PBXProject "GithubUsers" */;
			compatibilityVersion = "Xcode 14.0";
			developmentRegion = en;
			hasScannedForEncodings = 0;
			knownRegions = (
				en,
				Base,
			);
			mainGroup = A016688929CC47DD002934CD;
			productRefGroup = A016689329CC47DD002934CD /* Products */;
			projectDirPath = "";
			projectRoot = "";
			targets = (
				A016689129CC47DD002934CD /* GithubUsers */,
			);
		};
/* End PBXProject section */

/* Begin PBXResourcesBuildPhase section */
		A016689029CC47DD002934CD /* Resources */ = {
			isa = PBXResourcesBuildPhase;
			buildActionMask = 2147483647;
			files = (
				A016689D29CC47DE002934CD /* Preview Assets.xcassets in Resources */,
				A016689A29CC47DE002934CD /* Assets.xcassets in Resources */,
			);
			runOnlyForDeploymentPostprocessing = 0;
		};
/* End PBXResourcesBuildPhase section */

/* Begin PBXSourcesBuildPhase section */
		A016688E29CC47DD002934CD /* Sources */ = {
			isa = PBXSourcesBuildPhase;
			buildActionMask = 2147483647;
			files = (
				A01668A629CC49F2002934CD /* NetworkStore.swift in Sources */,
				A016689829CC47DD002934CD /* GithubUsersView.swift in Sources */,
				A0E795BD29CC81E000B5AFB4 /* GithubUserFollowersView.swift in Sources */,
				A016689629CC47DD002934CD /* GithubUsersApp.swift in Sources */,
				A0E795BB29CC683100B5AFB4 /* GithubUserView.swift in Sources */,
				A01668A429CC49C3002934CD /* User.swift in Sources */,
				A01668AA29CC5254002934CD /* Error.swift in Sources */,
				A01668A829CC4ECB002934CD /* GithubUsersViewModel.swift in Sources */,
				A0E795BF29CC834300B5AFB4 /* GithubUserFollowersViewModel.swift in Sources */,
			);
			runOnlyForDeploymentPostprocessing = 0;
		};
/* End PBXSourcesBuildPhase section */

/* Begin XCBuildConfiguration section */
		A016689E29CC47DE002934CD /* Debug */ = {
			isa = XCBuildConfiguration;
			buildSettings = {
				ALWAYS_SEARCH_USER_PATHS = NO;
				CLANG_ANALYZER_NONNULL = YES;
				CLANG_ANALYZER_NUMBER_OBJECT_CONVERSION = YES_AGGRESSIVE;
				CLANG_CXX_LANGUAGE_STANDARD = "gnu++20";
				CLANG_ENABLE_MODULES = YES;
				CLANG_ENABLE_OBJC_ARC = YES;
				CLANG_ENABLE_OBJC_WEAK = YES;
				CLANG_WARN_BLOCK_CAPTURE_AUTORELEASING = YES;
				CLANG_WARN_BOOL_CONVERSION = YES;
				CLANG_WARN_COMMA = YES;
				CLANG_WARN_CONSTANT_CONVERSION = YES;
				CLANG_WARN_DEPRECATED_OBJC_IMPLEMENTATIONS = YES;
				CLANG_WARN_DIRECT_OBJC_ISA_USAGE = YES_ERROR;
				CLANG_WARN_DOCUMENTATION_COMMENTS = YES;
				CLANG_WARN_EMPTY_BODY = YES;
				CLANG_WARN_ENUM_CONVERSION = YES;
				CLANG_WARN_INFINITE_RECURSION = YES;
				CLANG_WARN_INT_CONVERSION = YES;
				CLANG_WARN_NON_LITERAL_NULL_CONVERSION = YES;
				CLANG_WARN_OBJC_IMPLICIT_RETAIN_SELF = YES;
				CLANG_WARN_OBJC_LITERAL_CONVERSION = YES;
				CLANG_WARN_OBJC_ROOT_CLASS = YES_ERROR;
				CLANG_WARN_QUOTED_INCLUDE_IN_FRAMEWORK_HEADER = YES;
				CLANG_WARN_RANGE_LOOP_ANALYSIS = YES;
				CLANG_WARN_STRICT_PROTOTYPES = YES;
				CLANG_WARN_SUSPICIOUS_MOVE = YES;
				CLANG_WARN_UNGUARDED_AVAILABILITY = YES_AGGRESSIVE;
				CLANG_WARN_UNREACHABLE_CODE = YES;
				CLANG_WARN__DUPLICATE_METHOD_MATCH = YES;
				COPY_PHASE_STRIP = NO;
				DEBUG_INFORMATION_FORMAT = dwarf;
				ENABLE_STRICT_OBJC_MSGSEND = YES;
				ENABLE_TESTABILITY = YES;
				GCC_C_LANGUAGE_STANDARD = gnu11;
				GCC_DYNAMIC_NO_PIC = NO;
				GCC_NO_COMMON_BLOCKS = YES;
				GCC_OPTIMIZATION_LEVEL = 0;
				GCC_PREPROCESSOR_DEFINITIONS = (
					"DEBUG=1",
					"$(inherited)",
				);
				GCC_WARN_64_TO_32_BIT_CONVERSION = YES;
				GCC_WARN_ABOUT_RETURN_TYPE = YES_ERROR;
				GCC_WARN_UNDECLARED_SELECTOR = YES;
				GCC_WARN_UNINITIALIZED_AUTOS = YES_AGGRESSIVE;
				GCC_WARN_UNUSED_FUNCTION = YES;
				GCC_WARN_UNUSED_VARIABLE = YES;
				IPHONEOS_DEPLOYMENT_TARGET = 16.2;
				MTL_ENABLE_DEBUG_INFO = INCLUDE_SOURCE;
				MTL_FAST_MATH = YES;
				ONLY_ACTIVE_ARCH = YES;
				SDKROOT = iphoneos;
				SWIFT_ACTIVE_COMPILATION_CONDITIONS = DEBUG;
				SWIFT_OPTIMIZATION_LEVEL = "-Onone";
			};
			name = Debug;
		};
		A016689F29CC47DE002934CD /* Release */ = {
			isa = XCBuildConfiguration;
			buildSettings = {
				ALWAYS_SEARCH_USER_PATHS = NO;
				CLANG_ANALYZER_NONNULL = YES;
				CLANG_ANALYZER_NUMBER_OBJECT_CONVERSION = YES_AGGRESSIVE;
				CLANG_CXX_LANGUAGE_STANDARD = "gnu++20";
				CLANG_ENABLE_MODULES = YES;
				CLANG_ENABLE_OBJC_ARC = YES;
				CLANG_ENABLE_OBJC_WEAK = YES;
				CLANG_WARN_BLOCK_CAPTURE_AUTORELEASING = YES;
				CLANG_WARN_BOOL_CONVERSION = YES;
				CLANG_WARN_COMMA = YES;
				CLANG_WARN_CONSTANT_CONVERSION = YES;
				CLANG_WARN_DEPRECATED_OBJC_IMPLEMENTATIONS = YES;
				CLANG_WARN_DIRECT_OBJC_ISA_USAGE = YES_ERROR;
				CLANG_WARN_DOCUMENTATION_COMMENTS = YES;
				CLANG_WARN_EMPTY_BODY = YES;
				CLANG_WARN_ENUM_CONVERSION = YES;
				CLANG_WARN_INFINITE_RECURSION = YES;
				CLANG_WARN_INT_CONVERSION = YES;
				CLANG_WARN_NON_LITERAL_NULL_CONVERSION = YES;
				CLANG_WARN_OBJC_IMPLICIT_RETAIN_SELF = YES;
				CLANG_WARN_OBJC_LITERAL_CONVERSION = YES;
				CLANG_WARN_OBJC_ROOT_CLASS = YES_ERROR;
				CLANG_WARN_QUOTED_INCLUDE_IN_FRAMEWORK_HEADER = YES;
				CLANG_WARN_RANGE_LOOP_ANALYSIS = YES;
				CLANG_WARN_STRICT_PROTOTYPES = YES;
				CLANG_WARN_SUSPICIOUS_MOVE = YES;
				CLANG_WARN_UNGUARDED_AVAILABILITY = YES_AGGRESSIVE;
				CLANG_WARN_UNREACHABLE_CODE = YES;
				CLANG_WARN__DUPLICATE_METHOD_MATCH = YES;
				COPY_PHASE_STRIP = NO;
				DEBUG_INFORMATION_FORMAT = "dwarf-with-dsym";
				ENABLE_NS_ASSERTIONS = NO;
				ENABLE_STRICT_OBJC_MSGSEND = YES;
				GCC_C_LANGUAGE_STANDARD = gnu11;
				GCC_NO_COMMON_BLOCKS = YES;
				GCC_WARN_64_TO_32_BIT_CONVERSION = YES;
				GCC_WARN_ABOUT_RETURN_TYPE = YES_ERROR;
				GCC_WARN_UNDECLARED_SELECTOR = YES;
				GCC_WARN_UNINITIALIZED_AUTOS = YES_AGGRESSIVE;
				GCC_WARN_UNUSED_FUNCTION = YES;
				GCC_WARN_UNUSED_VARIABLE = YES;
				IPHONEOS_DEPLOYMENT_TARGET = 16.2;
				MTL_ENABLE_DEBUG_INFO = NO;
				MTL_FAST_MATH = YES;
				SDKROOT = iphoneos;
				SWIFT_COMPILATION_MODE = wholemodule;
				SWIFT_OPTIMIZATION_LEVEL = "-O";
				VALIDATE_PRODUCT = YES;
			};
			name = Release;
		};
		A01668A129CC47DE002934CD /* Debug */ = {
			isa = XCBuildConfiguration;
			buildSettings = {
				ASSETCATALOG_COMPILER_APPICON_NAME = AppIcon;
				ASSETCATALOG_COMPILER_GLOBAL_ACCENT_COLOR_NAME = AccentColor;
				CODE_SIGN_STYLE = Automatic;
				CURRENT_PROJECT_VERSION = 1;
				DEVELOPMENT_ASSET_PATHS = "\"GithubUsers/Preview Content\"";
				DEVELOPMENT_TEAM = 463FGP39J9;
				ENABLE_PREVIEWS = YES;
				GENERATE_INFOPLIST_FILE = YES;
				INFOPLIST_KEY_UIApplicationSceneManifest_Generation = YES;
				INFOPLIST_KEY_UIApplicationSupportsIndirectInputEvents = YES;
				INFOPLIST_KEY_UILaunchScreen_Generation = YES;
				INFOPLIST_KEY_UISupportedInterfaceOrientations_iPad = "UIInterfaceOrientationPortrait UIInterfaceOrientationPortraitUpsideDown UIInterfaceOrientationLandscapeLeft UIInterfaceOrientationLandscapeRight";
				INFOPLIST_KEY_UISupportedInterfaceOrientations_iPhone = "UIInterfaceOrientationPortrait UIInterfaceOrientationLandscapeLeft UIInterfaceOrientationLandscapeRight";
				LD_RUNPATH_SEARCH_PATHS = (
					"$(inherited)",
					"@executable_path/Frameworks",
				);
				MARKETING_VERSION = 1.0;
				PRODUCT_BUNDLE_IDENTIFIER = com.mnad.GithubUsers;
				PRODUCT_NAME = "$(TARGET_NAME)";
				SWIFT_EMIT_LOC_STRINGS = YES;
				SWIFT_VERSION = 5.0;
				TARGETED_DEVICE_FAMILY = "1,2";
			};
			name = Debug;
		};
		A01668A229CC47DE002934CD /* Release */ = {
			isa = XCBuildConfiguration;
			buildSettings = {
				ASSETCATALOG_COMPILER_APPICON_NAME = AppIcon;
				ASSETCATALOG_COMPILER_GLOBAL_ACCENT_COLOR_NAME = AccentColor;
				CODE_SIGN_STYLE = Automatic;
				CURRENT_PROJECT_VERSION = 1;
				DEVELOPMENT_ASSET_PATHS = "\"GithubUsers/Preview Content\"";
				DEVELOPMENT_TEAM = 463FGP39J9;
				ENABLE_PREVIEWS = YES;
				GENERATE_INFOPLIST_FILE = YES;
				INFOPLIST_KEY_UIApplicationSceneManifest_Generation = YES;
				INFOPLIST_KEY_UIApplicationSupportsIndirectInputEvents = YES;
				INFOPLIST_KEY_UILaunchScreen_Generation = YES;
				INFOPLIST_KEY_UISupportedInterfaceOrientations_iPad = "UIInterfaceOrientationPortrait UIInterfaceOrientationPortraitUpsideDown UIInterfaceOrientationLandscapeLeft UIInterfaceOrientationLandscapeRight";
				INFOPLIST_KEY_UISupportedInterfaceOrientations_iPhone = "UIInterfaceOrientationPortrait UIInterfaceOrientationLandscapeLeft UIInterfaceOrientationLandscapeRight";
				LD_RUNPATH_SEARCH_PATHS = (
					"$(inherited)",
					"@executable_path/Frameworks",
				);
				MARKETING_VERSION = 1.0;
				PRODUCT_BUNDLE_IDENTIFIER = com.mnad.GithubUsers;
				PRODUCT_NAME = "$(TARGET_NAME)";
				SWIFT_EMIT_LOC_STRINGS = YES;
				SWIFT_VERSION = 5.0;
				TARGETED_DEVICE_FAMILY = "1,2";
			};
			name = Release;
		};
/* End XCBuildConfiguration section */

/* Begin XCConfigurationList section */
		A016688D29CC47DD002934CD /* Build configuration list for PBXProject "GithubUsers" */ = {
			isa = XCConfigurationList;
			buildConfigurations = (
				A016689E29CC47DE002934CD /* Debug */,
				A016689F29CC47DE002934CD /* Release */,
			);
			defaultConfigurationIsVisible = 0;
			defaultConfigurationName = Release;
		};
		A01668A029CC47DE002934CD /* Build configuration list for PBXNativeTarget "GithubUsers" */ = {
			isa = XCConfigurationList;
			buildConfigurations = (
				A01668A129CC47DE002934CD /* Debug */,
				A01668A229CC47DE002934CD /* Release */,
			);
			defaultConfigurationIsVisible = 0;
			defaultConfigurationName = Release;
		};
/* End XCConfigurationList section */
	};
	rootObject = A016688A29CC47DD002934CD /* Project object */;
}
